
Microsoft Visual Studio Solution File, Format Version 11.00
# Visual C# Express 2010
Project("{FAE04EC0-301F-11D3-BF4B-00C04F79EFBC}") = "DaggerfallConnect", "Library\DaggerfallConnect.csproj", "{10771391-7160-4460-B456-F87461D4A2AD}"
EndProject
Project("{FAE04EC0-301F-11D3-BF4B-00C04F79EFBC}") = "Tool_DaggerfallImaging2", "Tools\DaggerfallImaging2\Tool_DaggerfallImaging2.csproj", "{F2D5CBA5-57F2-45FF-802E-E76E280DF30D}"
EndProject
Project("{FAE04EC0-301F-11D3-BF4B-00C04F79EFBC}") = "Tutorial_BasicSeries_2", "Tutorials\BasicSeries_2\Tutorial_BasicSeries_2.csproj", "{C8C40819-CD0B-4DA1-9330-F7226FBFB48B}"
EndProject
Project("{FAE04EC0-301F-11D3-BF4B-00C04F79EFBC}") = "Tutorial_BasicSeries_3", "Tutorials\BasicSeries_3\Tutorial_BasicSeries_3.csproj", "{F0734761-3562-4870-98BC-611976779FC8}"
EndProject
Project("{FAE04EC0-301F-11D3-BF4B-00C04F79EFBC}") = "Tutorial_BasicSeries_4", "Tutorials\BasicSeries_4\Tutorial_BasicSeries_4.csproj", "{FFEA1C7F-D974-4F49-826C-D137FC47F55C}"
EndProject
Project("{FAE04EC0-301F-11D3-BF4B-00C04F79EFBC}") = "Tutorial_IntermediateSeries_1", "Tutorials\IntermediateSeries_1\Tutorial_IntermediateSeries_1.csproj", "{64C2F9DC-6FAD-48BB-B98B-DFFE2306BD63}"
EndProject
Project("{FAE04EC0-301F-11D3-BF4B-00C04F79EFBC}") = "Tutorial_IntermediateSeries_2", "Tutorials\IntermediateSeries_2\Tutorial_IntermediateSeries_2.csproj", "{CE97B1E8-C4B8-459A-8A28-7619F6811DF2}"
EndProject
Project("{FAE04EC0-301F-11D3-BF4B-00C04F79EFBC}") = "Tutorial_BasicSeries_1", "Tutorials\BasicSeries_1\Tutorial_BasicSeries_1.csproj", "{88F16ADE-494D-4404-8473-671BE9D7784D}"
EndProject
Project("{FAE04EC0-301F-11D3-BF4B-00C04F79EFBC}") = "Tool_XNALibrary", "Tools\XNALibrary\Tool_XNALibrary.csproj", "{0ECB9CDB-3312-4ECF-9531-56AD53ABA796}"
EndProject
Project("{FAE04EC0-301F-11D3-BF4B-00C04F79EFBC}") = "Tutorial_XNASeries_1", "Tutorials\XNASeries_1\Tutorial_XNASeries_1.csproj", "{33DE3ACC-24A5-44D9-8D56-A41467677882}"
EndProject
Project("{FAE04EC0-301F-11D3-BF4B-00C04F79EFBC}") = "Tutorial_XNASeries_2", "Tutorials\XNASeries_2\Tutorial_XNASeries_2.csproj", "{8C26858F-F54E-41EE-AFC9-78B404F57298}"
EndProject
Project("{FAE04EC0-301F-11D3-BF4B-00C04F79EFBC}") = "Tutorial_BasicSeries_5", "Tutorials\BasicSeries_5\Tutorial_BasicSeries_5.csproj", "{3671699A-B854-4229-8E51-F8EE8896077D}"
EndProject
Project("{FAE04EC0-301F-11D3-BF4B-00C04F79EFBC}") = "Tutorial_XNASeries_3", "Tutorials\XNASeries_3\Tutorial_XNASeries_3.csproj", "{293B48B3-3170-4AB4-8B17-CC9D74969B0C}"
EndProject
Project("{FAE04EC0-301F-11D3-BF4B-00C04F79EFBC}") = "Tutorial_XNASeries_4", "Tutorials\XNASeries_4\Tutorial_XNASeries_4.csproj", "{AF37D81B-7F6F-4C7D-8302-B82B552353A2}"
EndProject
Project("{FAE04EC0-301F-11D3-BF4B-00C04F79EFBC}") = "XNALibraryContent", "Tools\XNALibrary\Content\XNALibraryContent.contentproj", "{13D69ADB-C63D-40F9-898C-83CBDBFA5057}"
EndProject
Project("{FAE04EC0-301F-11D3-BF4B-00C04F79EFBC}") = "XNASeries_1Content", "Tutorials\XNASeries_1\Content\XNASeries_1Content.contentproj", "{05A03F15-D8FE-4479-A940-4A1A0BEFBDFC}"
EndProject
Project("{FAE04EC0-301F-11D3-BF4B-00C04F79EFBC}") = "XNASeries_2Content", "Tutorials\XNASeries_2\Content\XNASeries_2Content.contentproj", "{FC64D76E-DFC7-47C0-B20A-6E6B68907692}"
EndProject
Project("{FAE04EC0-301F-11D3-BF4B-00C04F79EFBC}") = "XNASeries_3Content", "Tutorials\XNASeries_3\Content\XNASeries_3Content.contentproj", "{83EE4C97-4051-4E60-A6AA-2EE8792E3759}"
EndProject
Project("{FAE04EC0-301F-11D3-BF4B-00C04F79EFBC}") = "XNASeries_4Content", "Tutorials\XNASeries_4\Content\XNASeries_4Content.contentproj", "{83A413F0-7B81-4E3A-B1E0-32908DD0EACB}"
EndProject
Project("{FAE04EC0-301F-11D3-BF4B-00C04F79EFBC}") = "Tool_DaggerfallModelling", "Tools\DaggerfallModelling\Tool_DaggerfallModelling.csproj", "{7E721B19-62EE-4C6F-BCE8-A8A973662D19}"
EndProject
Project("{FAE04EC0-301F-11D3-BF4B-00C04F79EFBC}") = "Tutorial_XNASeries_5", "Tutorials\XNASeries_5\XNASeries_5\Tutorial_XNASeries_5.csproj", "{12D489F0-D9D5-49E3-854D-B673C45E9755}"
EndProject
Project("{96E2B04D-8817-42C6-938A-82C39BA4D311}") = "XNASeries_5Content", "Tutorials\XNASeries_5\XNASeries_5Content\XNASeries_5Content.contentproj", "{7B290AE3-725D-4682-B01D-CE72E15CD747}"
EndProject
Global
	GlobalSection(SolutionConfigurationPlatforms) = preSolution
		Debug|Any CPU = Debug|Any CPU
		Debug|Mixed Platforms = Debug|Mixed Platforms
		Debug|x86 = Debug|x86
		Release|Any CPU = Release|Any CPU
		Release|Mixed Platforms = Release|Mixed Platforms
		Release|x86 = Release|x86
	EndGlobalSection
	GlobalSection(ProjectConfigurationPlatforms) = postSolution
		{10771391-7160-4460-B456-F87461D4A2AD}.Debug|Any CPU.ActiveCfg = Debug|Any CPU
		{10771391-7160-4460-B456-F87461D4A2AD}.Debug|Any CPU.Build.0 = Debug|Any CPU
		{10771391-7160-4460-B456-F87461D4A2AD}.Debug|Mixed Platforms.ActiveCfg = Debug|Any CPU
		{10771391-7160-4460-B456-F87461D4A2AD}.Debug|Mixed Platforms.Build.0 = Debug|Any CPU
		{10771391-7160-4460-B456-F87461D4A2AD}.Debug|x86.ActiveCfg = Debug|Any CPU
		{10771391-7160-4460-B456-F87461D4A2AD}.Release|Any CPU.ActiveCfg = Release|Any CPU
		{10771391-7160-4460-B456-F87461D4A2AD}.Release|Any CPU.Build.0 = Release|Any CPU
		{10771391-7160-4460-B456-F87461D4A2AD}.Release|Mixed Platforms.ActiveCfg = Release|Any CPU
		{10771391-7160-4460-B456-F87461D4A2AD}.Release|Mixed Platforms.Build.0 = Release|Any CPU
		{10771391-7160-4460-B456-F87461D4A2AD}.Release|x86.ActiveCfg = Release|Any CPU
		{F2D5CBA5-57F2-45FF-802E-E76E280DF30D}.Debug|Any CPU.ActiveCfg = Debug|Any CPU
		{F2D5CBA5-57F2-45FF-802E-E76E280DF30D}.Debug|Any CPU.Build.0 = Debug|Any CPU
		{F2D5CBA5-57F2-45FF-802E-E76E280DF30D}.Debug|Mixed Platforms.ActiveCfg = Debug|Any CPU
		{F2D5CBA5-57F2-45FF-802E-E76E280DF30D}.Debug|Mixed Platforms.Build.0 = Debug|Any CPU
		{F2D5CBA5-57F2-45FF-802E-E76E280DF30D}.Debug|x86.ActiveCfg = Debug|Any CPU
		{F2D5CBA5-57F2-45FF-802E-E76E280DF30D}.Release|Any CPU.ActiveCfg = Release|Any CPU
		{F2D5CBA5-57F2-45FF-802E-E76E280DF30D}.Release|Any CPU.Build.0 = Release|Any CPU
		{F2D5CBA5-57F2-45FF-802E-E76E280DF30D}.Release|Mixed Platforms.ActiveCfg = Release|Any CPU
		{F2D5CBA5-57F2-45FF-802E-E76E280DF30D}.Release|Mixed Platforms.Build.0 = Release|Any CPU
		{F2D5CBA5-57F2-45FF-802E-E76E280DF30D}.Release|x86.ActiveCfg = Release|Any CPU
		{C8C40819-CD0B-4DA1-9330-F7226FBFB48B}.Debug|Any CPU.ActiveCfg = Debug|Any CPU
		{C8C40819-CD0B-4DA1-9330-F7226FBFB48B}.Debug|Any CPU.Build.0 = Debug|Any CPU
		{C8C40819-CD0B-4DA1-9330-F7226FBFB48B}.Debug|Mixed Platforms.ActiveCfg = Debug|Any CPU
		{C8C40819-CD0B-4DA1-9330-F7226FBFB48B}.Debug|Mixed Platforms.Build.0 = Debug|Any CPU
		{C8C40819-CD0B-4DA1-9330-F7226FBFB48B}.Debug|x86.ActiveCfg = Debug|Any CPU
		{C8C40819-CD0B-4DA1-9330-F7226FBFB48B}.Release|Any CPU.ActiveCfg = Release|Any CPU
		{C8C40819-CD0B-4DA1-9330-F7226FBFB48B}.Release|Any CPU.Build.0 = Release|Any CPU
		{C8C40819-CD0B-4DA1-9330-F7226FBFB48B}.Release|Mixed Platforms.ActiveCfg = Release|Any CPU
		{C8C40819-CD0B-4DA1-9330-F7226FBFB48B}.Release|Mixed Platforms.Build.0 = Release|Any CPU
		{C8C40819-CD0B-4DA1-9330-F7226FBFB48B}.Release|x86.ActiveCfg = Release|Any CPU
		{F0734761-3562-4870-98BC-611976779FC8}.Debug|Any CPU.ActiveCfg = Debug|Any CPU
		{F0734761-3562-4870-98BC-611976779FC8}.Debug|Any CPU.Build.0 = Debug|Any CPU
		{F0734761-3562-4870-98BC-611976779FC8}.Debug|Mixed Platforms.ActiveCfg = Debug|Any CPU
		{F0734761-3562-4870-98BC-611976779FC8}.Debug|Mixed Platforms.Build.0 = Debug|Any CPU
		{F0734761-3562-4870-98BC-611976779FC8}.Debug|x86.ActiveCfg = Debug|Any CPU
		{F0734761-3562-4870-98BC-611976779FC8}.Release|Any CPU.ActiveCfg = Release|Any CPU
		{F0734761-3562-4870-98BC-611976779FC8}.Release|Any CPU.Build.0 = Release|Any CPU
		{F0734761-3562-4870-98BC-611976779FC8}.Release|Mixed Platforms.ActiveCfg = Release|Any CPU
		{F0734761-3562-4870-98BC-611976779FC8}.Release|Mixed Platforms.Build.0 = Release|Any CPU
		{F0734761-3562-4870-98BC-611976779FC8}.Release|x86.ActiveCfg = Release|Any CPU
		{FFEA1C7F-D974-4F49-826C-D137FC47F55C}.Debug|Any CPU.ActiveCfg = Debug|Any CPU
		{FFEA1C7F-D974-4F49-826C-D137FC47F55C}.Debug|Any CPU.Build.0 = Debug|Any CPU
		{FFEA1C7F-D974-4F49-826C-D137FC47F55C}.Debug|Mixed Platforms.ActiveCfg = Debug|Any CPU
		{FFEA1C7F-D974-4F49-826C-D137FC47F55C}.Debug|Mixed Platforms.Build.0 = Debug|Any CPU
		{FFEA1C7F-D974-4F49-826C-D137FC47F55C}.Debug|x86.ActiveCfg = Debug|Any CPU
		{FFEA1C7F-D974-4F49-826C-D137FC47F55C}.Release|Any CPU.ActiveCfg = Release|Any CPU
		{FFEA1C7F-D974-4F49-826C-D137FC47F55C}.Release|Any CPU.Build.0 = Release|Any CPU
		{FFEA1C7F-D974-4F49-826C-D137FC47F55C}.Release|Mixed Platforms.ActiveCfg = Release|Any CPU
		{FFEA1C7F-D974-4F49-826C-D137FC47F55C}.Release|Mixed Platforms.Build.0 = Release|Any CPU
		{FFEA1C7F-D974-4F49-826C-D137FC47F55C}.Release|x86.ActiveCfg = Release|Any CPU
		{64C2F9DC-6FAD-48BB-B98B-DFFE2306BD63}.Debug|Any CPU.ActiveCfg = Debug|Any CPU
		{64C2F9DC-6FAD-48BB-B98B-DFFE2306BD63}.Debug|Any CPU.Build.0 = Debug|Any CPU
		{64C2F9DC-6FAD-48BB-B98B-DFFE2306BD63}.Debug|Mixed Platforms.ActiveCfg = Debug|Any CPU
		{64C2F9DC-6FAD-48BB-B98B-DFFE2306BD63}.Debug|Mixed Platforms.Build.0 = Debug|Any CPU
		{64C2F9DC-6FAD-48BB-B98B-DFFE2306BD63}.Debug|x86.ActiveCfg = Debug|Any CPU
		{64C2F9DC-6FAD-48BB-B98B-DFFE2306BD63}.Release|Any CPU.ActiveCfg = Release|Any CPU
		{64C2F9DC-6FAD-48BB-B98B-DFFE2306BD63}.Release|Any CPU.Build.0 = Release|Any CPU
		{64C2F9DC-6FAD-48BB-B98B-DFFE2306BD63}.Release|Mixed Platforms.ActiveCfg = Release|Any CPU
		{64C2F9DC-6FAD-48BB-B98B-DFFE2306BD63}.Release|Mixed Platforms.Build.0 = Release|Any CPU
		{64C2F9DC-6FAD-48BB-B98B-DFFE2306BD63}.Release|x86.ActiveCfg = Release|Any CPU
		{CE97B1E8-C4B8-459A-8A28-7619F6811DF2}.Debug|Any CPU.ActiveCfg = Debug|Any CPU
		{CE97B1E8-C4B8-459A-8A28-7619F6811DF2}.Debug|Any CPU.Build.0 = Debug|Any CPU
		{CE97B1E8-C4B8-459A-8A28-7619F6811DF2}.Debug|Mixed Platforms.ActiveCfg = Debug|Any CPU
		{CE97B1E8-C4B8-459A-8A28-7619F6811DF2}.Debug|Mixed Platforms.Build.0 = Debug|Any CPU
		{CE97B1E8-C4B8-459A-8A28-7619F6811DF2}.Debug|x86.ActiveCfg = Debug|Any CPU
		{CE97B1E8-C4B8-459A-8A28-7619F6811DF2}.Release|Any CPU.ActiveCfg = Release|Any CPU
		{CE97B1E8-C4B8-459A-8A28-7619F6811DF2}.Release|Any CPU.Build.0 = Release|Any CPU
		{CE97B1E8-C4B8-459A-8A28-7619F6811DF2}.Release|Mixed Platforms.ActiveCfg = Release|Any CPU
		{CE97B1E8-C4B8-459A-8A28-7619F6811DF2}.Release|Mixed Platforms.Build.0 = Release|Any CPU
		{CE97B1E8-C4B8-459A-8A28-7619F6811DF2}.Release|x86.ActiveCfg = Release|Any CPU
		{88F16ADE-494D-4404-8473-671BE9D7784D}.Debug|Any CPU.ActiveCfg = Debug|Any CPU
		{88F16ADE-494D-4404-8473-671BE9D7784D}.Debug|Any CPU.Build.0 = Debug|Any CPU
		{88F16ADE-494D-4404-8473-671BE9D7784D}.Debug|Mixed Platforms.ActiveCfg = Debug|Any CPU
		{88F16ADE-494D-4404-8473-671BE9D7784D}.Debug|Mixed Platforms.Build.0 = Debug|Any CPU
		{88F16ADE-494D-4404-8473-671BE9D7784D}.Debug|x86.ActiveCfg = Debug|Any CPU
		{88F16ADE-494D-4404-8473-671BE9D7784D}.Release|Any CPU.ActiveCfg = Release|Any CPU
		{88F16ADE-494D-4404-8473-671BE9D7784D}.Release|Any CPU.Build.0 = Release|Any CPU
		{88F16ADE-494D-4404-8473-671BE9D7784D}.Release|Mixed Platforms.ActiveCfg = Release|Any CPU
		{88F16ADE-494D-4404-8473-671BE9D7784D}.Release|Mixed Platforms.Build.0 = Release|Any CPU
		{88F16ADE-494D-4404-8473-671BE9D7784D}.Release|x86.ActiveCfg = Release|Any CPU
		{0ECB9CDB-3312-4ECF-9531-56AD53ABA796}.Debug|Any CPU.ActiveCfg = Debug|x86
		{0ECB9CDB-3312-4ECF-9531-56AD53ABA796}.Debug|Mixed Platforms.ActiveCfg = Debug|x86
		{0ECB9CDB-3312-4ECF-9531-56AD53ABA796}.Debug|Mixed Platforms.Build.0 = Debug|x86
		{0ECB9CDB-3312-4ECF-9531-56AD53ABA796}.Debug|x86.ActiveCfg = Debug|x86
		{0ECB9CDB-3312-4ECF-9531-56AD53ABA796}.Debug|x86.Build.0 = Debug|x86
		{0ECB9CDB-3312-4ECF-9531-56AD53ABA796}.Release|Any CPU.ActiveCfg = Release|x86
		{0ECB9CDB-3312-4ECF-9531-56AD53ABA796}.Release|Mixed Platforms.ActiveCfg = Release|x86
		{0ECB9CDB-3312-4ECF-9531-56AD53ABA796}.Release|Mixed Platforms.Build.0 = Release|x86
		{0ECB9CDB-3312-4ECF-9531-56AD53ABA796}.Release|x86.ActiveCfg = Release|x86
		{0ECB9CDB-3312-4ECF-9531-56AD53ABA796}.Release|x86.Build.0 = Release|x86
		{33DE3ACC-24A5-44D9-8D56-A41467677882}.Debug|Any CPU.ActiveCfg = Debug|x86
		{33DE3ACC-24A5-44D9-8D56-A41467677882}.Debug|Mixed Platforms.ActiveCfg = Debug|x86
		{33DE3ACC-24A5-44D9-8D56-A41467677882}.Debug|Mixed Platforms.Build.0 = Debug|x86
		{33DE3ACC-24A5-44D9-8D56-A41467677882}.Debug|x86.ActiveCfg = Debug|x86
		{33DE3ACC-24A5-44D9-8D56-A41467677882}.Debug|x86.Build.0 = Debug|x86
		{33DE3ACC-24A5-44D9-8D56-A41467677882}.Release|Any CPU.ActiveCfg = Release|x86
		{33DE3ACC-24A5-44D9-8D56-A41467677882}.Release|Mixed Platforms.ActiveCfg = Release|x86
		{33DE3ACC-24A5-44D9-8D56-A41467677882}.Release|Mixed Platforms.Build.0 = Release|x86
		{33DE3ACC-24A5-44D9-8D56-A41467677882}.Release|x86.ActiveCfg = Release|x86
		{33DE3ACC-24A5-44D9-8D56-A41467677882}.Release|x86.Build.0 = Release|x86
		{8C26858F-F54E-41EE-AFC9-78B404F57298}.Debug|Any CPU.ActiveCfg = Debug|x86
		{8C26858F-F54E-41EE-AFC9-78B404F57298}.Debug|Mixed Platforms.ActiveCfg = Debug|x86
		{8C26858F-F54E-41EE-AFC9-78B404F57298}.Debug|Mixed Platforms.Build.0 = Debug|x86
		{8C26858F-F54E-41EE-AFC9-78B404F57298}.Debug|x86.ActiveCfg = Debug|x86
		{8C26858F-F54E-41EE-AFC9-78B404F57298}.Debug|x86.Build.0 = Debug|x86
		{8C26858F-F54E-41EE-AFC9-78B404F57298}.Release|Any CPU.ActiveCfg = Release|x86
		{8C26858F-F54E-41EE-AFC9-78B404F57298}.Release|Mixed Platforms.ActiveCfg = Release|x86
		{8C26858F-F54E-41EE-AFC9-78B404F57298}.Release|Mixed Platforms.Build.0 = Release|x86
		{8C26858F-F54E-41EE-AFC9-78B404F57298}.Release|x86.ActiveCfg = Release|x86
		{8C26858F-F54E-41EE-AFC9-78B404F57298}.Release|x86.Build.0 = Release|x86
		{3671699A-B854-4229-8E51-F8EE8896077D}.Debug|Any CPU.ActiveCfg = Debug|Any CPU
		{3671699A-B854-4229-8E51-F8EE8896077D}.Debug|Any CPU.Build.0 = Debug|Any CPU
		{3671699A-B854-4229-8E51-F8EE8896077D}.Debug|Mixed Platforms.ActiveCfg = Debug|Any CPU
		{3671699A-B854-4229-8E51-F8EE8896077D}.Debug|Mixed Platforms.Build.0 = Debug|Any CPU
		{3671699A-B854-4229-8E51-F8EE8896077D}.Debug|x86.ActiveCfg = Debug|Any CPU
		{3671699A-B854-4229-8E51-F8EE8896077D}.Release|Any CPU.ActiveCfg = Release|Any CPU
		{3671699A-B854-4229-8E51-F8EE8896077D}.Release|Any CPU.Build.0 = Release|Any CPU
		{3671699A-B854-4229-8E51-F8EE8896077D}.Release|Mixed Platforms.ActiveCfg = Release|Any CPU
		{3671699A-B854-4229-8E51-F8EE8896077D}.Release|Mixed Platforms.Build.0 = Release|Any CPU
		{3671699A-B854-4229-8E51-F8EE8896077D}.Release|x86.ActiveCfg = Release|Any CPU
		{293B48B3-3170-4AB4-8B17-CC9D74969B0C}.Debug|Any CPU.ActiveCfg = Debug|x86
		{293B48B3-3170-4AB4-8B17-CC9D74969B0C}.Debug|Mixed Platforms.ActiveCfg = Debug|x86
		{293B48B3-3170-4AB4-8B17-CC9D74969B0C}.Debug|Mixed Platforms.Build.0 = Debug|x86
		{293B48B3-3170-4AB4-8B17-CC9D74969B0C}.Debug|x86.ActiveCfg = Debug|x86
		{293B48B3-3170-4AB4-8B17-CC9D74969B0C}.Debug|x86.Build.0 = Debug|x86
		{293B48B3-3170-4AB4-8B17-CC9D74969B0C}.Release|Any CPU.ActiveCfg = Release|x86
		{293B48B3-3170-4AB4-8B17-CC9D74969B0C}.Release|Mixed Platforms.ActiveCfg = Release|x86
		{293B48B3-3170-4AB4-8B17-CC9D74969B0C}.Release|Mixed Platforms.Build.0 = Release|x86
		{293B48B3-3170-4AB4-8B17-CC9D74969B0C}.Release|x86.ActiveCfg = Release|x86
		{293B48B3-3170-4AB4-8B17-CC9D74969B0C}.Release|x86.Build.0 = Release|x86
		{AF37D81B-7F6F-4C7D-8302-B82B552353A2}.Debug|Any CPU.ActiveCfg = Debug|x86
		{AF37D81B-7F6F-4C7D-8302-B82B552353A2}.Debug|Mixed Platforms.ActiveCfg = Debug|x86
		{AF37D81B-7F6F-4C7D-8302-B82B552353A2}.Debug|Mixed Platforms.Build.0 = Debug|x86
		{AF37D81B-7F6F-4C7D-8302-B82B552353A2}.Debug|x86.ActiveCfg = Debug|x86
		{AF37D81B-7F6F-4C7D-8302-B82B552353A2}.Debug|x86.Build.0 = Debug|x86
		{AF37D81B-7F6F-4C7D-8302-B82B552353A2}.Release|Any CPU.ActiveCfg = Release|x86
		{AF37D81B-7F6F-4C7D-8302-B82B552353A2}.Release|Mixed Platforms.ActiveCfg = Release|x86
		{AF37D81B-7F6F-4C7D-8302-B82B552353A2}.Release|Mixed Platforms.Build.0 = Release|x86
		{AF37D81B-7F6F-4C7D-8302-B82B552353A2}.Release|x86.ActiveCfg = Release|x86
		{AF37D81B-7F6F-4C7D-8302-B82B552353A2}.Release|x86.Build.0 = Release|x86
		{13D69ADB-C63D-40F9-898C-83CBDBFA5057}.Debug|Any CPU.ActiveCfg = Debug|x86
		{13D69ADB-C63D-40F9-898C-83CBDBFA5057}.Debug|Mixed Platforms.ActiveCfg = Debug|x86
		{13D69ADB-C63D-40F9-898C-83CBDBFA5057}.Debug|x86.ActiveCfg = Debug|x86
		{13D69ADB-C63D-40F9-898C-83CBDBFA5057}.Release|Any CPU.ActiveCfg = Release|x86
		{13D69ADB-C63D-40F9-898C-83CBDBFA5057}.Release|Mixed Platforms.ActiveCfg = Release|x86
		{13D69ADB-C63D-40F9-898C-83CBDBFA5057}.Release|x86.ActiveCfg = Release|x86
		{05A03F15-D8FE-4479-A940-4A1A0BEFBDFC}.Debug|Any CPU.ActiveCfg = Debug|x86
		{05A03F15-D8FE-4479-A940-4A1A0BEFBDFC}.Debug|Mixed Platforms.ActiveCfg = Debug|x86
		{05A03F15-D8FE-4479-A940-4A1A0BEFBDFC}.Debug|x86.ActiveCfg = Debug|x86
		{05A03F15-D8FE-4479-A940-4A1A0BEFBDFC}.Release|Any CPU.ActiveCfg = Release|x86
		{05A03F15-D8FE-4479-A940-4A1A0BEFBDFC}.Release|Mixed Platforms.ActiveCfg = Release|x86
		{05A03F15-D8FE-4479-A940-4A1A0BEFBDFC}.Release|x86.ActiveCfg = Release|x86
		{FC64D76E-DFC7-47C0-B20A-6E6B68907692}.Debug|Any CPU.ActiveCfg = Debug|x86
		{FC64D76E-DFC7-47C0-B20A-6E6B68907692}.Debug|Mixed Platforms.ActiveCfg = Debug|x86
		{FC64D76E-DFC7-47C0-B20A-6E6B68907692}.Debug|x86.ActiveCfg = Debug|x86
		{FC64D76E-DFC7-47C0-B20A-6E6B68907692}.Release|Any CPU.ActiveCfg = Release|x86
		{FC64D76E-DFC7-47C0-B20A-6E6B68907692}.Release|Mixed Platforms.ActiveCfg = Release|x86
		{FC64D76E-DFC7-47C0-B20A-6E6B68907692}.Release|x86.ActiveCfg = Release|x86
		{83EE4C97-4051-4E60-A6AA-2EE8792E3759}.Debug|Any CPU.ActiveCfg = Debug|x86
		{83EE4C97-4051-4E60-A6AA-2EE8792E3759}.Debug|Mixed Platforms.ActiveCfg = Debug|x86
		{83EE4C97-4051-4E60-A6AA-2EE8792E3759}.Debug|x86.ActiveCfg = Debug|x86
		{83EE4C97-4051-4E60-A6AA-2EE8792E3759}.Release|Any CPU.ActiveCfg = Release|x86
		{83EE4C97-4051-4E60-A6AA-2EE8792E3759}.Release|Mixed Platforms.ActiveCfg = Release|x86
		{83EE4C97-4051-4E60-A6AA-2EE8792E3759}.Release|x86.ActiveCfg = Release|x86
		{83A413F0-7B81-4E3A-B1E0-32908DD0EACB}.Debug|Any CPU.ActiveCfg = Debug|x86
		{83A413F0-7B81-4E3A-B1E0-32908DD0EACB}.Debug|Mixed Platforms.ActiveCfg = Debug|x86
		{83A413F0-7B81-4E3A-B1E0-32908DD0EACB}.Debug|x86.ActiveCfg = Debug|x86
		{83A413F0-7B81-4E3A-B1E0-32908DD0EACB}.Release|Any CPU.ActiveCfg = Release|x86
		{83A413F0-7B81-4E3A-B1E0-32908DD0EACB}.Release|Mixed Platforms.ActiveCfg = Release|x86
		{83A413F0-7B81-4E3A-B1E0-32908DD0EACB}.Release|x86.ActiveCfg = Release|x86
		{7E721B19-62EE-4C6F-BCE8-A8A973662D19}.Debug|Any CPU.ActiveCfg = Debug|Any CPU
		{7E721B19-62EE-4C6F-BCE8-A8A973662D19}.Debug|Any CPU.Build.0 = Debug|Any CPU
		{7E721B19-62EE-4C6F-BCE8-A8A973662D19}.Debug|Mixed Platforms.ActiveCfg = Debug|Any CPU
		{7E721B19-62EE-4C6F-BCE8-A8A973662D19}.Debug|Mixed Platforms.Build.0 = Debug|Any CPU
		{7E721B19-62EE-4C6F-BCE8-A8A973662D19}.Debug|x86.ActiveCfg = Debug|Any CPU
		{7E721B19-62EE-4C6F-BCE8-A8A973662D19}.Release|Any CPU.ActiveCfg = Release|Any CPU
		{7E721B19-62EE-4C6F-BCE8-A8A973662D19}.Release|Any CPU.Build.0 = Release|Any CPU
		{7E721B19-62EE-4C6F-BCE8-A8A973662D19}.Release|Mixed Platforms.ActiveCfg = Release|Any CPU
		{7E721B19-62EE-4C6F-BCE8-A8A973662D19}.Release|Mixed Platforms.Build.0 = Release|Any CPU
		{7E721B19-62EE-4C6F-BCE8-A8A973662D19}.Release|x86.ActiveCfg = Release|Any CPU
		{12D489F0-D9D5-49E3-854D-B673C45E9755}.Debug|Any CPU.ActiveCfg = Debug|x86
		{12D489F0-D9D5-49E3-854D-B673C45E9755}.Debug|Mixed Platforms.ActiveCfg = Debug|x86
		{12D489F0-D9D5-49E3-854D-B673C45E9755}.Debug|Mixed Platforms.Build.0 = Debug|x86
		{12D489F0-D9D5-49E3-854D-B673C45E9755}.Debug|x86.ActiveCfg = Debug|x86
		{12D489F0-D9D5-49E3-854D-B673C45E9755}.Debug|x86.Build.0 = Debug|x86
		{12D489F0-D9D5-49E3-854D-B673C45E9755}.Release|Any CPU.ActiveCfg = Release|x86
		{12D489F0-D9D5-49E3-854D-B673C45E9755}.Release|Mixed Platforms.ActiveCfg = Release|x86
		{12D489F0-D9D5-49E3-854D-B673C45E9755}.Release|Mixed Platforms.Build.0 = Release|x86
		{12D489F0-D9D5-49E3-854D-B673C45E9755}.Release|x86.ActiveCfg = Release|x86
		{12D489F0-D9D5-49E3-854D-B673C45E9755}.Release|x86.Build.0 = Release|x86
		{7B290AE3-725D-4682-B01D-CE72E15CD747}.Debug|Any CPU.ActiveCfg = Debug|x86
		{7B290AE3-725D-4682-B01D-CE72E15CD747}.Debug|Mixed Platforms.ActiveCfg = Debug|x86
		{7B290AE3-725D-4682-B01D-CE72E15CD747}.Debug|x86.ActiveCfg = Debug|x86
		{7B290AE3-725D-4682-B01D-CE72E15CD747}.Release|Any CPU.ActiveCfg = Release|x86
		{7B290AE3-725D-4682-B01D-CE72E15CD747}.Release|Mixed Platforms.ActiveCfg = Release|x86
		{7B290AE3-725D-4682-B01D-CE72E15CD747}.Release|x86.ActiveCfg = Release|x86
	EndGlobalSection
	GlobalSection(SolutionProperties) = preSolution
		HideSolutionNode = FALSE
	EndGlobalSection
	GlobalSection(SubversionScc) = preSolution
		Svn-Managed = True
		Manager = AnkhSVN - Subversion Support for Visual Studio
	EndGlobalSection
EndGlobal
