
Microsoft Visual Studio Solution File, Format Version 10.00
# Visual Studio 2008
Project("{FAE04EC0-301F-11D3-BF4B-00C04F79EFBC}") = "DaggerfallConnect", "Library\DaggerfallConnect.csproj", "{10771391-7160-4460-B456-F87461D4A2AD}"
EndProject
Project("{FAE04EC0-301F-11D3-BF4B-00C04F79EFBC}") = "Tool_DaggerfallImaging2", "Tools\DaggerfallImaging2\Tool_DaggerfallImaging2.csproj", "{F2D5CBA5-57F2-45FF-802E-E76E280DF30D}"
EndProject
Project("{FAE04EC0-301F-11D3-BF4B-00C04F79EFBC}") = "Tutorial_BasicSeries_2", "Tutorials\BasicSeries_2\Tutorial_BasicSeries_2.csproj", "{C8C40819-CD0B-4DA1-9330-F7226FBFB48B}"
EndProject
Project("{FAE04EC0-301F-11D3-BF4B-00C04F79EFBC}") = "Tutorial_BasicSeries_3", "Tutorials\BasicSeries_3\Tutorial_BasicSeries_3.csproj", "{F0734761-3562-4870-98BC-611976779FC8}"
EndProject
Project("{FAE04EC0-301F-11D3-BF4B-00C04F79EFBC}") = "Tutorial_BasicSeries_4", "Tutorials\BasicSeries_4\Tutorial_BasicSeries_4.csproj", "{FFEA1C7F-D974-4F49-826C-D137FC47F55C}"
EndProject
Project("{FAE04EC0-301F-11D3-BF4B-00C04F79EFBC}") = "Tutorial_IntermediateSeries_1", "Tutorials\IntermediateSeries_1\Tutorial_IntermediateSeries_1.csproj", "{64C2F9DC-6FAD-48BB-B98B-DFFE2306BD63}"
EndProject
Project("{FAE04EC0-301F-11D3-BF4B-00C04F79EFBC}") = "Tutorial_IntermediateSeries_2", "Tutorials\IntermediateSeries_2\Tutorial_IntermediateSeries_2.csproj", "{CE97B1E8-C4B8-459A-8A28-7619F6811DF2}"
EndProject
Project("{FAE04EC0-301F-11D3-BF4B-00C04F79EFBC}") = "Tutorial_BasicSeries_1", "Tutorials\BasicSeries_1\Tutorial_BasicSeries_1.csproj", "{88F16ADE-494D-4404-8473-671BE9D7784D}"
EndProject
Project("{FAE04EC0-301F-11D3-BF4B-00C04F79EFBC}") = "Tutorial_XNASeries_1", "Tutorials\XNASeries_1\Tutorial_XNASeries_1.csproj", "{A3F05D1D-4A60-42E0-A68A-ACFD65B7BF36}"
EndProject
Project("{FAE04EC0-301F-11D3-BF4B-00C04F79EFBC}") = "Tutorial_XNASeries_2", "Tutorials\XNASeries_2\Tutorial_XNASeries_2.csproj", "{11025819-A752-4DBB-91F5-1261C6592C51}"
EndProject
Project("{FAE04EC0-301F-11D3-BF4B-00C04F79EFBC}") = "Tutorial_XNASeries_3", "Tutorials\XNASeries_3\Tutorial_XNASeries_3.csproj", "{6D544BEC-DA2B-44FD-846A-BF58724DC4BD}"
EndProject
Project("{FAE04EC0-301F-11D3-BF4B-00C04F79EFBC}") = "Tool_XNALibrary", "Tools\XNALibrary\Tool_XNALibrary.csproj", "{0ECB9CDB-3312-4ECF-9531-56AD53ABA796}"
EndProject
Global
	GlobalSection(SubversionScc) = preSolution
		Svn-Managed = True
		Manager = AnkhSVN - Subversion Support for Visual Studio
	EndGlobalSection
	GlobalSection(SolutionConfigurationPlatforms) = preSolution
		Debug|Any CPU = Debug|Any CPU
		Debug|Mixed Platforms = Debug|Mixed Platforms
		Debug|x86 = Debug|x86
		Release|Any CPU = Release|Any CPU
		Release|Mixed Platforms = Release|Mixed Platforms
		Release|x86 = Release|x86
	EndGlobalSection
	GlobalSection(ProjectConfigurationPlatforms) = postSolution
		{10771391-7160-4460-B456-F87461D4A2AD}.Debug|Any CPU.ActiveCfg = Debug|Any CPU
		{10771391-7160-4460-B456-F87461D4A2AD}.Debug|Any CPU.Build.0 = Debug|Any CPU
		{10771391-7160-4460-B456-F87461D4A2AD}.Debug|Mixed Platforms.ActiveCfg = Debug|Any CPU
		{10771391-7160-4460-B456-F87461D4A2AD}.Debug|Mixed Platforms.Build.0 = Debug|Any CPU
		{10771391-7160-4460-B456-F87461D4A2AD}.Debug|x86.ActiveCfg = Debug|Any CPU
		{10771391-7160-4460-B456-F87461D4A2AD}.Release|Any CPU.ActiveCfg = Release|Any CPU
		{10771391-7160-4460-B456-F87461D4A2AD}.Release|Any CPU.Build.0 = Release|Any CPU
		{10771391-7160-4460-B456-F87461D4A2AD}.Release|Mixed Platforms.ActiveCfg = Release|Any CPU
		{10771391-7160-4460-B456-F87461D4A2AD}.Release|Mixed Platforms.Build.0 = Release|Any CPU
		{10771391-7160-4460-B456-F87461D4A2AD}.Release|x86.ActiveCfg = Release|Any CPU
		{F2D5CBA5-57F2-45FF-802E-E76E280DF30D}.Debug|Any CPU.ActiveCfg = Debug|Any CPU
		{F2D5CBA5-57F2-45FF-802E-E76E280DF30D}.Debug|Any CPU.Build.0 = Debug|Any CPU
		{F2D5CBA5-57F2-45FF-802E-E76E280DF30D}.Debug|Mixed Platforms.ActiveCfg = Debug|Any CPU
		{F2D5CBA5-57F2-45FF-802E-E76E280DF30D}.Debug|Mixed Platforms.Build.0 = Debug|Any CPU
		{F2D5CBA5-57F2-45FF-802E-E76E280DF30D}.Debug|x86.ActiveCfg = Debug|Any CPU
		{F2D5CBA5-57F2-45FF-802E-E76E280DF30D}.Release|Any CPU.ActiveCfg = Release|Any CPU
		{F2D5CBA5-57F2-45FF-802E-E76E280DF30D}.Release|Any CPU.Build.0 = Release|Any CPU
		{F2D5CBA5-57F2-45FF-802E-E76E280DF30D}.Release|Mixed Platforms.ActiveCfg = Release|Any CPU
		{F2D5CBA5-57F2-45FF-802E-E76E280DF30D}.Release|Mixed Platforms.Build.0 = Release|Any CPU
		{F2D5CBA5-57F2-45FF-802E-E76E280DF30D}.Release|x86.ActiveCfg = Release|Any CPU
		{C8C40819-CD0B-4DA1-9330-F7226FBFB48B}.Debug|Any CPU.ActiveCfg = Debug|Any CPU
		{C8C40819-CD0B-4DA1-9330-F7226FBFB48B}.Debug|Any CPU.Build.0 = Debug|Any CPU
		{C8C40819-CD0B-4DA1-9330-F7226FBFB48B}.Debug|Mixed Platforms.ActiveCfg = Debug|Any CPU
		{C8C40819-CD0B-4DA1-9330-F7226FBFB48B}.Debug|Mixed Platforms.Build.0 = Debug|Any CPU
		{C8C40819-CD0B-4DA1-9330-F7226FBFB48B}.Debug|x86.ActiveCfg = Debug|Any CPU
		{C8C40819-CD0B-4DA1-9330-F7226FBFB48B}.Release|Any CPU.ActiveCfg = Release|Any CPU
		{C8C40819-CD0B-4DA1-9330-F7226FBFB48B}.Release|Any CPU.Build.0 = Release|Any CPU
		{C8C40819-CD0B-4DA1-9330-F7226FBFB48B}.Release|Mixed Platforms.ActiveCfg = Release|Any CPU
		{C8C40819-CD0B-4DA1-9330-F7226FBFB48B}.Release|Mixed Platforms.Build.0 = Release|Any CPU
		{C8C40819-CD0B-4DA1-9330-F7226FBFB48B}.Release|x86.ActiveCfg = Release|Any CPU
		{F0734761-3562-4870-98BC-611976779FC8}.Debug|Any CPU.ActiveCfg = Debug|Any CPU
		{F0734761-3562-4870-98BC-611976779FC8}.Debug|Any CPU.Build.0 = Debug|Any CPU
		{F0734761-3562-4870-98BC-611976779FC8}.Debug|Mixed Platforms.ActiveCfg = Debug|Any CPU
		{F0734761-3562-4870-98BC-611976779FC8}.Debug|Mixed Platforms.Build.0 = Debug|Any CPU
		{F0734761-3562-4870-98BC-611976779FC8}.Debug|x86.ActiveCfg = Debug|Any CPU
		{F0734761-3562-4870-98BC-611976779FC8}.Release|Any CPU.ActiveCfg = Release|Any CPU
		{F0734761-3562-4870-98BC-611976779FC8}.Release|Any CPU.Build.0 = Release|Any CPU
		{F0734761-3562-4870-98BC-611976779FC8}.Release|Mixed Platforms.ActiveCfg = Release|Any CPU
		{F0734761-3562-4870-98BC-611976779FC8}.Release|Mixed Platforms.Build.0 = Release|Any CPU
		{F0734761-3562-4870-98BC-611976779FC8}.Release|x86.ActiveCfg = Release|Any CPU
		{FFEA1C7F-D974-4F49-826C-D137FC47F55C}.Debug|Any CPU.ActiveCfg = Debug|Any CPU
		{FFEA1C7F-D974-4F49-826C-D137FC47F55C}.Debug|Any CPU.Build.0 = Debug|Any CPU
		{FFEA1C7F-D974-4F49-826C-D137FC47F55C}.Debug|Mixed Platforms.ActiveCfg = Debug|Any CPU
		{FFEA1C7F-D974-4F49-826C-D137FC47F55C}.Debug|Mixed Platforms.Build.0 = Debug|Any CPU
		{FFEA1C7F-D974-4F49-826C-D137FC47F55C}.Debug|x86.ActiveCfg = Debug|Any CPU
		{FFEA1C7F-D974-4F49-826C-D137FC47F55C}.Release|Any CPU.ActiveCfg = Release|Any CPU
		{FFEA1C7F-D974-4F49-826C-D137FC47F55C}.Release|Any CPU.Build.0 = Release|Any CPU
		{FFEA1C7F-D974-4F49-826C-D137FC47F55C}.Release|Mixed Platforms.ActiveCfg = Release|Any CPU
		{FFEA1C7F-D974-4F49-826C-D137FC47F55C}.Release|Mixed Platforms.Build.0 = Release|Any CPU
		{FFEA1C7F-D974-4F49-826C-D137FC47F55C}.Release|x86.ActiveCfg = Release|Any CPU
		{64C2F9DC-6FAD-48BB-B98B-DFFE2306BD63}.Debug|Any CPU.ActiveCfg = Debug|Any CPU
		{64C2F9DC-6FAD-48BB-B98B-DFFE2306BD63}.Debug|Any CPU.Build.0 = Debug|Any CPU
		{64C2F9DC-6FAD-48BB-B98B-DFFE2306BD63}.Debug|Mixed Platforms.ActiveCfg = Debug|Any CPU
		{64C2F9DC-6FAD-48BB-B98B-DFFE2306BD63}.Debug|Mixed Platforms.Build.0 = Debug|Any CPU
		{64C2F9DC-6FAD-48BB-B98B-DFFE2306BD63}.Debug|x86.ActiveCfg = Debug|Any CPU
		{64C2F9DC-6FAD-48BB-B98B-DFFE2306BD63}.Release|Any CPU.ActiveCfg = Release|Any CPU
		{64C2F9DC-6FAD-48BB-B98B-DFFE2306BD63}.Release|Any CPU.Build.0 = Release|Any CPU
		{64C2F9DC-6FAD-48BB-B98B-DFFE2306BD63}.Release|Mixed Platforms.ActiveCfg = Release|Any CPU
		{64C2F9DC-6FAD-48BB-B98B-DFFE2306BD63}.Release|Mixed Platforms.Build.0 = Release|Any CPU
		{64C2F9DC-6FAD-48BB-B98B-DFFE2306BD63}.Release|x86.ActiveCfg = Release|Any CPU
		{CE97B1E8-C4B8-459A-8A28-7619F6811DF2}.Debug|Any CPU.ActiveCfg = Debug|Any CPU
		{CE97B1E8-C4B8-459A-8A28-7619F6811DF2}.Debug|Any CPU.Build.0 = Debug|Any CPU
		{CE97B1E8-C4B8-459A-8A28-7619F6811DF2}.Debug|Mixed Platforms.ActiveCfg = Debug|Any CPU
		{CE97B1E8-C4B8-459A-8A28-7619F6811DF2}.Debug|Mixed Platforms.Build.0 = Debug|Any CPU
		{CE97B1E8-C4B8-459A-8A28-7619F6811DF2}.Debug|x86.ActiveCfg = Debug|Any CPU
		{CE97B1E8-C4B8-459A-8A28-7619F6811DF2}.Release|Any CPU.ActiveCfg = Release|Any CPU
		{CE97B1E8-C4B8-459A-8A28-7619F6811DF2}.Release|Any CPU.Build.0 = Release|Any CPU
		{CE97B1E8-C4B8-459A-8A28-7619F6811DF2}.Release|Mixed Platforms.ActiveCfg = Release|Any CPU
		{CE97B1E8-C4B8-459A-8A28-7619F6811DF2}.Release|Mixed Platforms.Build.0 = Release|Any CPU
		{CE97B1E8-C4B8-459A-8A28-7619F6811DF2}.Release|x86.ActiveCfg = Release|Any CPU
		{88F16ADE-494D-4404-8473-671BE9D7784D}.Debug|Any CPU.ActiveCfg = Debug|Any CPU
		{88F16ADE-494D-4404-8473-671BE9D7784D}.Debug|Any CPU.Build.0 = Debug|Any CPU
		{88F16ADE-494D-4404-8473-671BE9D7784D}.Debug|Mixed Platforms.ActiveCfg = Debug|Any CPU
		{88F16ADE-494D-4404-8473-671BE9D7784D}.Debug|Mixed Platforms.Build.0 = Debug|Any CPU
		{88F16ADE-494D-4404-8473-671BE9D7784D}.Debug|x86.ActiveCfg = Debug|Any CPU
		{88F16ADE-494D-4404-8473-671BE9D7784D}.Release|Any CPU.ActiveCfg = Release|Any CPU
		{88F16ADE-494D-4404-8473-671BE9D7784D}.Release|Any CPU.Build.0 = Release|Any CPU
		{88F16ADE-494D-4404-8473-671BE9D7784D}.Release|Mixed Platforms.ActiveCfg = Release|Any CPU
		{88F16ADE-494D-4404-8473-671BE9D7784D}.Release|Mixed Platforms.Build.0 = Release|Any CPU
		{88F16ADE-494D-4404-8473-671BE9D7784D}.Release|x86.ActiveCfg = Release|Any CPU
		{A3F05D1D-4A60-42E0-A68A-ACFD65B7BF36}.Debug|Any CPU.ActiveCfg = Debug|x86
		{A3F05D1D-4A60-42E0-A68A-ACFD65B7BF36}.Debug|Mixed Platforms.ActiveCfg = Debug|x86
		{A3F05D1D-4A60-42E0-A68A-ACFD65B7BF36}.Debug|Mixed Platforms.Build.0 = Debug|x86
		{A3F05D1D-4A60-42E0-A68A-ACFD65B7BF36}.Debug|x86.ActiveCfg = Debug|x86
		{A3F05D1D-4A60-42E0-A68A-ACFD65B7BF36}.Debug|x86.Build.0 = Debug|x86
		{A3F05D1D-4A60-42E0-A68A-ACFD65B7BF36}.Release|Any CPU.ActiveCfg = Release|x86
		{A3F05D1D-4A60-42E0-A68A-ACFD65B7BF36}.Release|Mixed Platforms.ActiveCfg = Release|x86
		{A3F05D1D-4A60-42E0-A68A-ACFD65B7BF36}.Release|Mixed Platforms.Build.0 = Release|x86
		{A3F05D1D-4A60-42E0-A68A-ACFD65B7BF36}.Release|x86.ActiveCfg = Release|x86
		{A3F05D1D-4A60-42E0-A68A-ACFD65B7BF36}.Release|x86.Build.0 = Release|x86
		{11025819-A752-4DBB-91F5-1261C6592C51}.Debug|Any CPU.ActiveCfg = Debug|x86
		{11025819-A752-4DBB-91F5-1261C6592C51}.Debug|Mixed Platforms.ActiveCfg = Debug|x86
		{11025819-A752-4DBB-91F5-1261C6592C51}.Debug|Mixed Platforms.Build.0 = Debug|x86
		{11025819-A752-4DBB-91F5-1261C6592C51}.Debug|x86.ActiveCfg = Debug|x86
		{11025819-A752-4DBB-91F5-1261C6592C51}.Debug|x86.Build.0 = Debug|x86
		{11025819-A752-4DBB-91F5-1261C6592C51}.Release|Any CPU.ActiveCfg = Release|x86
		{11025819-A752-4DBB-91F5-1261C6592C51}.Release|Mixed Platforms.ActiveCfg = Release|x86
		{11025819-A752-4DBB-91F5-1261C6592C51}.Release|Mixed Platforms.Build.0 = Release|x86
		{11025819-A752-4DBB-91F5-1261C6592C51}.Release|x86.ActiveCfg = Release|x86
		{11025819-A752-4DBB-91F5-1261C6592C51}.Release|x86.Build.0 = Release|x86
		{6D544BEC-DA2B-44FD-846A-BF58724DC4BD}.Debug|Any CPU.ActiveCfg = Debug|x86
		{6D544BEC-DA2B-44FD-846A-BF58724DC4BD}.Debug|Mixed Platforms.ActiveCfg = Debug|x86
		{6D544BEC-DA2B-44FD-846A-BF58724DC4BD}.Debug|Mixed Platforms.Build.0 = Debug|x86
		{6D544BEC-DA2B-44FD-846A-BF58724DC4BD}.Debug|x86.ActiveCfg = Debug|x86
		{6D544BEC-DA2B-44FD-846A-BF58724DC4BD}.Debug|x86.Build.0 = Debug|x86
		{6D544BEC-DA2B-44FD-846A-BF58724DC4BD}.Release|Any CPU.ActiveCfg = Release|x86
		{6D544BEC-DA2B-44FD-846A-BF58724DC4BD}.Release|Mixed Platforms.ActiveCfg = Release|x86
		{6D544BEC-DA2B-44FD-846A-BF58724DC4BD}.Release|Mixed Platforms.Build.0 = Release|x86
		{6D544BEC-DA2B-44FD-846A-BF58724DC4BD}.Release|x86.ActiveCfg = Release|x86
		{6D544BEC-DA2B-44FD-846A-BF58724DC4BD}.Release|x86.Build.0 = Release|x86
		{0ECB9CDB-3312-4ECF-9531-56AD53ABA796}.Debug|Any CPU.ActiveCfg = Debug|x86
		{0ECB9CDB-3312-4ECF-9531-56AD53ABA796}.Debug|Mixed Platforms.ActiveCfg = Debug|x86
		{0ECB9CDB-3312-4ECF-9531-56AD53ABA796}.Debug|Mixed Platforms.Build.0 = Debug|x86
		{0ECB9CDB-3312-4ECF-9531-56AD53ABA796}.Debug|x86.ActiveCfg = Debug|x86
		{0ECB9CDB-3312-4ECF-9531-56AD53ABA796}.Debug|x86.Build.0 = Debug|x86
		{0ECB9CDB-3312-4ECF-9531-56AD53ABA796}.Release|Any CPU.ActiveCfg = Release|x86
		{0ECB9CDB-3312-4ECF-9531-56AD53ABA796}.Release|Mixed Platforms.ActiveCfg = Release|x86
		{0ECB9CDB-3312-4ECF-9531-56AD53ABA796}.Release|Mixed Platforms.Build.0 = Release|x86
		{0ECB9CDB-3312-4ECF-9531-56AD53ABA796}.Release|x86.ActiveCfg = Release|x86
		{0ECB9CDB-3312-4ECF-9531-56AD53ABA796}.Release|x86.Build.0 = Release|x86
		{6C6A9C1C-559C-4F14-80FE-DC41EFFF45C0}.Debug|Any CPU.ActiveCfg = Debug|x86
		{6C6A9C1C-559C-4F14-80FE-DC41EFFF45C0}.Debug|Mixed Platforms.ActiveCfg = Debug|x86
		{6C6A9C1C-559C-4F14-80FE-DC41EFFF45C0}.Debug|x86.ActiveCfg = Debug|x86
		{6C6A9C1C-559C-4F14-80FE-DC41EFFF45C0}.Release|Any CPU.ActiveCfg = Release|x86
		{6C6A9C1C-559C-4F14-80FE-DC41EFFF45C0}.Release|Mixed Platforms.ActiveCfg = Release|x86
		{6C6A9C1C-559C-4F14-80FE-DC41EFFF45C0}.Release|x86.ActiveCfg = Release|x86
		{4101F76B-8C00-412E-90BD-AD69CC6A405C}.Debug|Any CPU.ActiveCfg = Debug|x86
		{4101F76B-8C00-412E-90BD-AD69CC6A405C}.Debug|Mixed Platforms.ActiveCfg = Debug|x86
		{4101F76B-8C00-412E-90BD-AD69CC6A405C}.Debug|x86.ActiveCfg = Debug|x86
		{4101F76B-8C00-412E-90BD-AD69CC6A405C}.Release|Any CPU.ActiveCfg = Release|x86
		{4101F76B-8C00-412E-90BD-AD69CC6A405C}.Release|Mixed Platforms.ActiveCfg = Release|x86
		{4101F76B-8C00-412E-90BD-AD69CC6A405C}.Release|x86.ActiveCfg = Release|x86
		{8F891ED8-AD4E-49FB-ACBC-D3377ABE1405}.Debug|Any CPU.ActiveCfg = Debug|x86
		{8F891ED8-AD4E-49FB-ACBC-D3377ABE1405}.Debug|Mixed Platforms.ActiveCfg = Debug|x86
		{8F891ED8-AD4E-49FB-ACBC-D3377ABE1405}.Debug|x86.ActiveCfg = Debug|x86
		{8F891ED8-AD4E-49FB-ACBC-D3377ABE1405}.Release|Any CPU.ActiveCfg = Release|x86
		{8F891ED8-AD4E-49FB-ACBC-D3377ABE1405}.Release|Mixed Platforms.ActiveCfg = Release|x86
		{8F891ED8-AD4E-49FB-ACBC-D3377ABE1405}.Release|x86.ActiveCfg = Release|x86
		{13D69ADB-C63D-40F9-898C-83CBDBFA5057}.Debug|Any CPU.ActiveCfg = Debug|x86
		{13D69ADB-C63D-40F9-898C-83CBDBFA5057}.Debug|Mixed Platforms.ActiveCfg = Debug|x86
		{13D69ADB-C63D-40F9-898C-83CBDBFA5057}.Debug|x86.ActiveCfg = Debug|x86
		{13D69ADB-C63D-40F9-898C-83CBDBFA5057}.Release|Any CPU.ActiveCfg = Release|x86
		{13D69ADB-C63D-40F9-898C-83CBDBFA5057}.Release|Mixed Platforms.ActiveCfg = Release|x86
		{13D69ADB-C63D-40F9-898C-83CBDBFA5057}.Release|x86.ActiveCfg = Release|x86
	EndGlobalSection
	GlobalSection(SolutionProperties) = preSolution
		HideSolutionNode = FALSE
	EndGlobalSection
EndGlobal
